
Microsoft Visual Studio Solution File, Format Version 12.00
# Visual Studio 15
VisualStudioVersion = 15.0.27703.2042
MinimumVisualStudioVersion = 10.0.40219.1
Project("{8BC9CEB8-8B4A-11D0-8D11-00A0C91BC942}") = "DirectXEngine", "DirectXEngine.vcxproj", "{42FBE648-C3E4-4E74-8EDD-497CE047BDD8}"
EndProject
Global
	GlobalSection(SolutionConfigurationPlatforms) = preSolution
		Debug|x64 = Debug|x64
		Debug|x86 = Debug|x86
		Release|x64 = Release|x64
		Release|x86 = Release|x86
	EndGlobalSection
	GlobalSection(ProjectConfigurationPlatforms) = postSolution
		{42FBE648-C3E4-4E74-8EDD-497CE047BDD8}.Debug|x64.ActiveCfg = Debug|x64
		{42FBE648-C3E4-4E74-8EDD-497CE047BDD8}.Debug|x64.Build.0 = Debug|x64
		{42FBE648-C3E4-4E74-8EDD-497CE047BDD8}.Debug|x86.ActiveCfg = Debug|Win32
		{42FBE648-C3E4-4E74-8EDD-497CE047BDD8}.Debug|x86.Build.0 = Debug|Win32
		{42FBE648-C3E4-4E74-8EDD-497CE047BDD8}.Release|x64.ActiveCfg = Release|x64
		{42FBE648-C3E4-4E74-8EDD-497CE047BDD8}.Release|x64.Build.0 = Release|x64
		{42FBE648-C3E4-4E74-8EDD-497CE047BDD8}.Release|x86.ActiveCfg = Release|Win32
		{42FBE648-C3E4-4E74-8EDD-497CE047BDD8}.Release|x86.Build.0 = Release|Win32
	EndGlobalSection
	GlobalSection(SolutionProperties) = preSolution
		HideSolutionNode = FALSE
	EndGlobalSection
	GlobalSection(ExtensibilityGlobals) = postSolution
		SolutionGuid = {7A2FA69A-9AB5-4ED3-BC80-B7C7F7AF0C42}
	EndGlobalSection
EndGlobal
