<?xml version="1.0" encoding="utf-8"?>
<Project ToolsVersion="4.0" xmlns="http://schemas.microsoft.com/developer/msbuild/2003">
  <ItemGroup>
    <Filter Include="Common">
      <UniqueIdentifier>{e484e726-4881-4cfd-bbdc-58732f2f23f0}</UniqueIdentifier>
    </Filter>
    <Filter Include="Render">
      <UniqueIdentifier>{93995380-89BD-4b04-88EB-625FBE52EBFB}</UniqueIdentifier>
      <Extensions>h;hh;hpp;hxx;hm;inl;inc;xsd</Extensions>
    </Filter>
    <Filter Include="Shader">
      <UniqueIdentifier>{67DA6AB6-F800-4c08-8B7A-83BB121AAD01}</UniqueIdentifier>
      <Extensions>rc;ico;cur;bmp;dlg;rc2;rct;bin;rgs;gif;jpg;jpeg;jpe;resx;tiff;tif;png;wav;mfcribbon-ms</Extensions>
    </Filter>
    <Filter Include="Animation">
      <UniqueIdentifier>{381b909d-59bf-4a7d-bccf-4eeabb258db0}</UniqueIdentifier>
    </Filter>
    <Filter Include="deprecated">
      <UniqueIdentifier>{223b77e4-f95b-4a8f-8486-a195e3791186}</UniqueIdentifier>
    </Filter>
    <Filter Include="Main">
      <UniqueIdentifier>{4FC737F1-C7A5-4376-A066-2A32D752A2FF}</UniqueIdentifier>
      <Extensions>cpp;c;cc;cxx;def;odl;idl;hpj;bat;asm;asmx</Extensions>
    </Filter>
    <Filter Include="GameObject">
      <UniqueIdentifier>{0e140656-5713-4e03-98e2-842bffdc5e6c}</UniqueIdentifier>
    </Filter>
  </ItemGroup>
  <ItemGroup>
    <ClCompile Include="Common\Camera.cpp">
      <Filter>Common</Filter>
    </ClCompile>
    <ClCompile Include="Common\d3dApp.cpp">
      <Filter>Common</Filter>
    </ClCompile>
    <ClCompile Include="Common\d3dUtil.cpp">
      <Filter>Common</Filter>
    </ClCompile>
    <ClCompile Include="Common\DDSTextureLoader.cpp">
      <Filter>Common</Filter>
    </ClCompile>
    <ClCompile Include="Common\GameTimer.cpp">
      <Filter>Common</Filter>
    </ClCompile>
    <ClCompile Include="Common\GeometryGenerator.cpp">
      <Filter>Common</Filter>
    </ClCompile>
    <ClCompile Include="Common\MathHelper.cpp">
      <Filter>Common</Filter>
    </ClCompile>
    <ClCompile Include="main.cpp">
      <Filter>Main</Filter>
    </ClCompile>
    <ClCompile Include="FrameResource.cpp">
      <Filter>Common</Filter>
    </ClCompile>
    <ClCompile Include="stdafx.cpp">
      <Filter>Main</Filter>
    </ClCompile>
    <ClCompile Include="Common\WICTextureLoader12.cpp">
      <Filter>Common</Filter>
    </ClCompile>
    <ClCompile Include="Mesh.cpp">
      <Filter>Render</Filter>
    </ClCompile>
    <ClCompile Include="MyGame.cpp">
      <Filter>Render</Filter>
    </ClCompile>
    <ClCompile Include="MainGame.cpp">
      <Filter>deprecated</Filter>
    </ClCompile>
    <ClCompile Include="Renderer.cpp">
      <Filter>deprecated</Filter>
    </ClCompile>
    <ClCompile Include="Object.cpp">
      <Filter>Render</Filter>
    </ClCompile>
    <ClCompile Include="animationHelper.cpp">
      <Filter>Main</Filter>
    </ClCompile>
  </ItemGroup>
  <ItemGroup>
    <ClInclude Include="Common\Camera.h">
      <Filter>Common</Filter>
    </ClInclude>
    <ClInclude Include="Common\d3dApp.h">
      <Filter>Common</Filter>
    </ClInclude>
    <ClInclude Include="Common\d3dUtil.h">
      <Filter>Common</Filter>
    </ClInclude>
    <ClInclude Include="Common\d3dx12.h">
      <Filter>Common</Filter>
    </ClInclude>
    <ClInclude Include="Common\DDSTextureLoader.h">
      <Filter>Common</Filter>
    </ClInclude>
    <ClInclude Include="Common\GameTimer.h">
      <Filter>Common</Filter>
    </ClInclude>
    <ClInclude Include="Common\GeometryGenerator.h">
      <Filter>Common</Filter>
    </ClInclude>
    <ClInclude Include="Common\MathHelper.h">
      <Filter>Common</Filter>
    </ClInclude>
    <ClInclude Include="Common\UploadBuffer.h">
      <Filter>Common</Filter>
    </ClInclude>
    <ClInclude Include="FrameResource.h">
      <Filter>Common</Filter>
    </ClInclude>
    <ClInclude Include="stdafx.h">
      <Filter>Main</Filter>
    </ClInclude>
    <ClInclude Include="Common\WICTextureLoader12.h">
      <Filter>Common</Filter>
    </ClInclude>
    <ClInclude Include="Mesh.h">
      <Filter>Render</Filter>
    </ClInclude>
    <ClInclude Include="MyGame.h">
      <Filter>Render</Filter>
    </ClInclude>
    <ClInclude Include="MainGame.h">
      <Filter>deprecated</Filter>
    </ClInclude>
    <ClInclude Include="Renderer.h">
      <Filter>deprecated</Filter>
    </ClInclude>
    <ClInclude Include="Object.h">
      <Filter>Render</Filter>
    </ClInclude>
    <ClInclude Include="animationHelper.h">
      <Filter>Render</Filter>
    </ClInclude>
  </ItemGroup>
  <ItemGroup>
    <FxCompile Include="Shaders\Default.hlsl">
      <Filter>Shader</Filter>
    </FxCompile>
    <FxCompile Include="Shaders\LightingUtil.hlsl">
      <Filter>Shader</Filter>
    </FxCompile>
    <FxCompile Include="Shaders\TreeSprite.hlsl">
      <Filter>Shader</Filter>
    </FxCompile>
    <FxCompile Include="Shaders\BasicHeader.hlsl">
      <Filter>Shader</Filter>
    </FxCompile>
    <FxCompile Include="Shaders\ColorShader.hlsl">
      <Filter>Shader</Filter>
    </FxCompile>
    <FxCompile Include="Shaders\color.hlsl">
      <Filter>Shader</Filter>
    </FxCompile>
  </ItemGroup>
  <ItemGroup>
    <None Include="Shaders\Fire.hlsl">
      <Filter>Shader</Filter>
    </None>
  </ItemGroup>
</Project>